// !$*UTF8*$!
{
	archiveVersion = 1;
	classes = {
	};
	objectVersion = 56;
	objects = {

/* Begin PBXBuildFile section */
		C34FC0EB29FBC01A00894692 /* PokemonServiceEndPoint.swift in Sources */ = {isa = PBXBuildFile; fileRef = C34FC0EA29FBC01A00894692 /* PokemonServiceEndPoint.swift */; };
		C34FC0EE29FBC0A500894692 /* Alamofire in Frameworks */ = {isa = PBXBuildFile; productRef = C34FC0ED29FBC0A500894692 /* Alamofire */; };
		C34FC0F129FBC0C400894692 /* AlamofireImage in Frameworks */ = {isa = PBXBuildFile; productRef = C34FC0F029FBC0C400894692 /* AlamofireImage */; };
		C34FC0F429FBC0FC00894692 /* SnapKit in Frameworks */ = {isa = PBXBuildFile; productRef = C34FC0F329FBC0FC00894692 /* SnapKit */; };
		C34FC0F629FBC1BC00894692 /* PokemonViewController.swift in Sources */ = {isa = PBXBuildFile; fileRef = C34FC0F529FBC1BC00894692 /* PokemonViewController.swift */; };
		C34FC0F829FBCCDC00894692 /* PokemonViewModel.swift in Sources */ = {isa = PBXBuildFile; fileRef = C34FC0F729FBCCDC00894692 /* PokemonViewModel.swift */; };
		C34FC0FB29FBD24400894692 /* PokemonTableViewCell.swift in Sources */ = {isa = PBXBuildFile; fileRef = C34FC0FA29FBD24400894692 /* PokemonTableViewCell.swift */; };
		C350E4CC29D06C01009A9339 /* AppDelegate.swift in Sources */ = {isa = PBXBuildFile; fileRef = C350E4CB29D06C01009A9339 /* AppDelegate.swift */; };
		C350E4CE29D06C01009A9339 /* SceneDelegate.swift in Sources */ = {isa = PBXBuildFile; fileRef = C350E4CD29D06C01009A9339 /* SceneDelegate.swift */; };
		C350E4D329D06C01009A9339 /* Main.storyboard in Resources */ = {isa = PBXBuildFile; fileRef = C350E4D129D06C01009A9339 /* Main.storyboard */; };
		C350E4D529D06C02009A9339 /* Assets.xcassets in Resources */ = {isa = PBXBuildFile; fileRef = C350E4D429D06C02009A9339 /* Assets.xcassets */; };
		C350E4D829D06C02009A9339 /* LaunchScreen.storyboard in Resources */ = {isa = PBXBuildFile; fileRef = C350E4D629D06C02009A9339 /* LaunchScreen.storyboard */; };
		C350E4E629D0718F009A9339 /* Pokemon.swift in Sources */ = {isa = PBXBuildFile; fileRef = C350E4E529D0718F009A9339 /* Pokemon.swift */; };
/* End PBXBuildFile section */

/* Begin PBXFileReference section */
		C34FC0EA29FBC01A00894692 /* PokemonServiceEndPoint.swift */ = {isa = PBXFileReference; lastKnownFileType = sourcecode.swift; path = PokemonServiceEndPoint.swift; sourceTree = "<group>"; };
		C34FC0F529FBC1BC00894692 /* PokemonViewController.swift */ = {isa = PBXFileReference; lastKnownFileType = sourcecode.swift; path = PokemonViewController.swift; sourceTree = "<group>"; };
		C34FC0F729FBCCDC00894692 /* PokemonViewModel.swift */ = {isa = PBXFileReference; lastKnownFileType = sourcecode.swift; path = PokemonViewModel.swift; sourceTree = "<group>"; };
		C34FC0FA29FBD24400894692 /* PokemonTableViewCell.swift */ = {isa = PBXFileReference; lastKnownFileType = sourcecode.swift; path = PokemonTableViewCell.swift; sourceTree = "<group>"; };
		C350E4C829D06C01009A9339 /* Pokemons.app */ = {isa = PBXFileReference; explicitFileType = wrapper.application; includeInIndex = 0; path = Pokemons.app; sourceTree = BUILT_PRODUCTS_DIR; };
		C350E4CB29D06C01009A9339 /* AppDelegate.swift */ = {isa = PBXFileReference; lastKnownFileType = sourcecode.swift; path = AppDelegate.swift; sourceTree = "<group>"; };
		C350E4CD29D06C01009A9339 /* SceneDelegate.swift */ = {isa = PBXFileReference; lastKnownFileType = sourcecode.swift; path = SceneDelegate.swift; sourceTree = "<group>"; };
		C350E4D229D06C01009A9339 /* Base */ = {isa = PBXFileReference; lastKnownFileType = file.storyboard; name = Base; path = Base.lproj/Main.storyboard; sourceTree = "<group>"; };
		C350E4D429D06C02009A9339 /* Assets.xcassets */ = {isa = PBXFileReference; lastKnownFileType = folder.assetcatalog; path = Assets.xcassets; sourceTree = "<group>"; };
		C350E4D729D06C02009A9339 /* Base */ = {isa = PBXFileReference; lastKnownFileType = file.storyboard; name = Base; path = Base.lproj/LaunchScreen.storyboard; sourceTree = "<group>"; };
		C350E4D929D06C02009A9339 /* Info.plist */ = {isa = PBXFileReference; lastKnownFileType = text.plist.xml; path = Info.plist; sourceTree = "<group>"; };
		C350E4E529D0718F009A9339 /* Pokemon.swift */ = {isa = PBXFileReference; lastKnownFileType = sourcecode.swift; path = Pokemon.swift; sourceTree = "<group>"; };
/* End PBXFileReference section */

/* Begin PBXFrameworksBuildPhase section */
		C350E4C529D06C01009A9339 /* Frameworks */ = {
			isa = PBXFrameworksBuildPhase;
			buildActionMask = 2147483647;
			files = (
				C34FC0F429FBC0FC00894692 /* SnapKit in Frameworks */,
				C34FC0EE29FBC0A500894692 /* Alamofire in Frameworks */,
				C34FC0F129FBC0C400894692 /* AlamofireImage in Frameworks */,
			);
			runOnlyForDeploymentPostprocessing = 0;
		};
/* End PBXFrameworksBuildPhase section */

/* Begin PBXGroup section */
		C34FC0E729FBBE3C00894692 /* Core */ = {
			isa = PBXGroup;
			children = (
				C350E4CB29D06C01009A9339 /* AppDelegate.swift */,
				C350E4CD29D06C01009A9339 /* SceneDelegate.swift */,
				C350E4D129D06C01009A9339 /* Main.storyboard */,
				C350E4D429D06C02009A9339 /* Assets.xcassets */,
			);
			path = Core;
			sourceTree = "<group>";
		};
		C34FC0E829FBBE7A00894692 /* Features */ = {
			isa = PBXGroup;
			children = (
				C34FC0E929FBBED100894692 /* Service */,
				C350E4E129D0700E009A9339 /* Model */,
				C350E4E329D0704E009A9339 /* ViewModel */,
				C350E4E229D07015009A9339 /* View */,
			);
			path = Features;
			sourceTree = "<group>";
		};
		C34FC0E929FBBED100894692 /* Service */ = {
			isa = PBXGroup;
			children = (
				C34FC0EA29FBC01A00894692 /* PokemonServiceEndPoint.swift */,
			);
			path = Service;
			sourceTree = "<group>";
		};
		C34FC0F929FBD21E00894692 /* TableViewCell */ = {
			isa = PBXGroup;
			children = (
				C34FC0FA29FBD24400894692 /* PokemonTableViewCell.swift */,
			);
			path = TableViewCell;
			sourceTree = "<group>";
		};
		C350E4BF29D06C01009A9339 = {
			isa = PBXGroup;
			children = (
				C350E4CA29D06C01009A9339 /* Pokemons */,
				C350E4C929D06C01009A9339 /* Products */,
			);
			sourceTree = "<group>";
		};
		C350E4C929D06C01009A9339 /* Products */ = {
			isa = PBXGroup;
			children = (
				C350E4C829D06C01009A9339 /* Pokemons.app */,
			);
			name = Products;
			sourceTree = "<group>";
		};
		C350E4CA29D06C01009A9339 /* Pokemons */ = {
			isa = PBXGroup;
			children = (
				C350E4D629D06C02009A9339 /* LaunchScreen.storyboard */,
				C350E4D929D06C02009A9339 /* Info.plist */,
				C34FC0E729FBBE3C00894692 /* Core */,
				C34FC0E829FBBE7A00894692 /* Features */,
			);
			path = Pokemons;
			sourceTree = "<group>";
		};
		C350E4E129D0700E009A9339 /* Model */ = {
			isa = PBXGroup;
			children = (
				C350E4E529D0718F009A9339 /* Pokemon.swift */,
			);
			path = Model;
			sourceTree = "<group>";
		};
		C350E4E229D07015009A9339 /* View */ = {
			isa = PBXGroup;
			children = (
				C34FC0F929FBD21E00894692 /* TableViewCell */,
				C34FC0F529FBC1BC00894692 /* PokemonViewController.swift */,
			);
			path = View;
			sourceTree = "<group>";
		};
		C350E4E329D0704E009A9339 /* ViewModel */ = {
			isa = PBXGroup;
			children = (
				C34FC0F729FBCCDC00894692 /* PokemonViewModel.swift */,
			);
			path = ViewModel;
			sourceTree = "<group>";
		};
/* End PBXGroup section */

/* Begin PBXNativeTarget section */
		C350E4C729D06C01009A9339 /* Pokemons */ = {
			isa = PBXNativeTarget;
			buildConfigurationList = C350E4DC29D06C02009A9339 /* Build configuration list for PBXNativeTarget "Pokemons" */;
			buildPhases = (
				C350E4C429D06C01009A9339 /* Sources */,
				C350E4C529D06C01009A9339 /* Frameworks */,
				C350E4C629D06C01009A9339 /* Resources */,
			);
			buildRules = (
			);
			dependencies = (
			);
			name = Pokemons;
			packageProductDependencies = (
				C34FC0ED29FBC0A500894692 /* Alamofire */,
				C34FC0F029FBC0C400894692 /* AlamofireImage */,
				C34FC0F329FBC0FC00894692 /* SnapKit */,
			);
			productName = Pokemons;
			productReference = C350E4C829D06C01009A9339 /* Pokemons.app */;
			productType = "com.apple.product-type.application";
		};
/* End PBXNativeTarget section */

/* Begin PBXProject section */
		C350E4C029D06C01009A9339 /* Project object */ = {
			isa = PBXProject;
			attributes = {
				BuildIndependentTargetsInParallel = 1;
				LastSwiftUpdateCheck = 1420;
				LastUpgradeCheck = 1420;
				TargetAttributes = {
					C350E4C729D06C01009A9339 = {
						CreatedOnToolsVersion = 14.2;
					};
				};
			};
			buildConfigurationList = C350E4C329D06C01009A9339 /* Build configuration list for PBXProject "Pokemons" */;
			compatibilityVersion = "Xcode 14.0";
			developmentRegion = en;
			hasScannedForEncodings = 0;
			knownRegions = (
				en,
				Base,
			);
			mainGroup = C350E4BF29D06C01009A9339;
			packageReferences = (
				C34FC0EC29FBC0A500894692 /* XCRemoteSwiftPackageReference "Alamofire" */,
				C34FC0EF29FBC0C400894692 /* XCRemoteSwiftPackageReference "AlamofireImage" */,
				C34FC0F229FBC0FC00894692 /* XCRemoteSwiftPackageReference "SnapKit" */,
			);
			productRefGroup = C350E4C929D06C01009A9339 /* Products */;
			projectDirPath = "";
			projectRoot = "";
			targets = (
				C350E4C729D06C01009A9339 /* Pokemons */,
			);
		};
/* End PBXProject section */

/* Begin PBXResourcesBuildPhase section */
		C350E4C629D06C01009A9339 /* Resources */ = {
			isa = PBXResourcesBuildPhase;
			buildActionMask = 2147483647;
			files = (
				C350E4D829D06C02009A9339 /* LaunchScreen.storyboard in Resources */,
				C350E4D529D06C02009A9339 /* Assets.xcassets in Resources */,
				C350E4D329D06C01009A9339 /* Main.storyboard in Resources */,
			);
			runOnlyForDeploymentPostprocessing = 0;
		};
/* End PBXResourcesBuildPhase section */

/* Begin PBXSourcesBuildPhase section */
		C350E4C429D06C01009A9339 /* Sources */ = {
			isa = PBXSourcesBuildPhase;
			buildActionMask = 2147483647;
			files = (
				C350E4E629D0718F009A9339 /* Pokemon.swift in Sources */,
				C34FC0FB29FBD24400894692 /* PokemonTableViewCell.swift in Sources */,
				C350E4CC29D06C01009A9339 /* AppDelegate.swift in Sources */,
				C34FC0F829FBCCDC00894692 /* PokemonViewModel.swift in Sources */,
				C34FC0F629FBC1BC00894692 /* PokemonViewController.swift in Sources */,
				C34FC0EB29FBC01A00894692 /* PokemonServiceEndPoint.swift in Sources */,
				C350E4CE29D06C01009A9339 /* SceneDelegate.swift in Sources */,
			);
			runOnlyForDeploymentPostprocessing = 0;
		};
/* End PBXSourcesBuildPhase section */

/* Begin PBXVariantGroup section */
		C350E4D129D06C01009A9339 /* Main.storyboard */ = {
			isa = PBXVariantGroup;
			children = (
				C350E4D229D06C01009A9339 /* Base */,
			);
			name = Main.storyboard;
			sourceTree = "<group>";
		};
		C350E4D629D06C02009A9339 /* LaunchScreen.storyboard */ = {
			isa = PBXVariantGroup;
			children = (
				C350E4D729D06C02009A9339 /* Base */,
			);
			name = LaunchScreen.storyboard;
			sourceTree = "<group>";
		};
/* End PBXVariantGroup section */

/* Begin XCBuildConfiguration section */
		C350E4DA29D06C02009A9339 /* Debug */ = {
			isa = XCBuildConfiguration;
			buildSettings = {
				ALWAYS_SEARCH_USER_PATHS = NO;
				CLANG_ANALYZER_NONNULL = YES;
				CLANG_ANALYZER_NUMBER_OBJECT_CONVERSION = YES_AGGRESSIVE;
				CLANG_CXX_LANGUAGE_STANDARD = "gnu++20";
				CLANG_ENABLE_MODULES = YES;
				CLANG_ENABLE_OBJC_ARC = YES;
				CLANG_ENABLE_OBJC_WEAK = YES;
				CLANG_WARN_BLOCK_CAPTURE_AUTORELEASING = YES;
				CLANG_WARN_BOOL_CONVERSION = YES;
				CLANG_WARN_COMMA = YES;
				CLANG_WARN_CONSTANT_CONVERSION = YES;
				CLANG_WARN_DEPRECATED_OBJC_IMPLEMENTATIONS = YES;
				CLANG_WARN_DIRECT_OBJC_ISA_USAGE = YES_ERROR;
				CLANG_WARN_DOCUMENTATION_COMMENTS = YES;
				CLANG_WARN_EMPTY_BODY = YES;
				CLANG_WARN_ENUM_CONVERSION = YES;
				CLANG_WARN_INFINITE_RECURSION = YES;
				CLANG_WARN_INT_CONVERSION = YES;
				CLANG_WARN_NON_LITERAL_NULL_CONVERSION = YES;
				CLANG_WARN_OBJC_IMPLICIT_RETAIN_SELF = YES;
				CLANG_WARN_OBJC_LITERAL_CONVERSION = YES;
				CLANG_WARN_OBJC_ROOT_CLASS = YES_ERROR;
				CLANG_WARN_QUOTED_INCLUDE_IN_FRAMEWORK_HEADER = YES;
				CLANG_WARN_RANGE_LOOP_ANALYSIS = YES;
				CLANG_WARN_STRICT_PROTOTYPES = YES;
				CLANG_WARN_SUSPICIOUS_MOVE = YES;
				CLANG_WARN_UNGUARDED_AVAILABILITY = YES_AGGRESSIVE;
				CLANG_WARN_UNREACHABLE_CODE = YES;
				CLANG_WARN__DUPLICATE_METHOD_MATCH = YES;
				COPY_PHASE_STRIP = NO;
				DEBUG_INFORMATION_FORMAT = dwarf;
				ENABLE_STRICT_OBJC_MSGSEND = YES;
				ENABLE_TESTABILITY = YES;
				GCC_C_LANGUAGE_STANDARD = gnu11;
				GCC_DYNAMIC_NO_PIC = NO;
				GCC_NO_COMMON_BLOCKS = YES;
				GCC_OPTIMIZATION_LEVEL = 0;
				GCC_PREPROCESSOR_DEFINITIONS = (
					"DEBUG=1",
					"$(inherited)",
				);
				GCC_WARN_64_TO_32_BIT_CONVERSION = YES;
				GCC_WARN_ABOUT_RETURN_TYPE = YES_ERROR;
				GCC_WARN_UNDECLARED_SELECTOR = YES;
				GCC_WARN_UNINITIALIZED_AUTOS = YES_AGGRESSIVE;
				GCC_WARN_UNUSED_FUNCTION = YES;
				GCC_WARN_UNUSED_VARIABLE = YES;
				IPHONEOS_DEPLOYMENT_TARGET = 16.2;
				MTL_ENABLE_DEBUG_INFO = INCLUDE_SOURCE;
				MTL_FAST_MATH = YES;
				ONLY_ACTIVE_ARCH = YES;
				SDKROOT = iphoneos;
				SWIFT_ACTIVE_COMPILATION_CONDITIONS = DEBUG;
				SWIFT_OPTIMIZATION_LEVEL = "-Onone";
			};
			name = Debug;
		};
		C350E4DB29D06C02009A9339 /* Release */ = {
			isa = XCBuildConfiguration;
			buildSettings = {
				ALWAYS_SEARCH_USER_PATHS = NO;
				CLANG_ANALYZER_NONNULL = YES;
				CLANG_ANALYZER_NUMBER_OBJECT_CONVERSION = YES_AGGRESSIVE;
				CLANG_CXX_LANGUAGE_STANDARD = "gnu++20";
				CLANG_ENABLE_MODULES = YES;
				CLANG_ENABLE_OBJC_ARC = YES;
				CLANG_ENABLE_OBJC_WEAK = YES;
				CLANG_WARN_BLOCK_CAPTURE_AUTORELEASING = YES;
				CLANG_WARN_BOOL_CONVERSION = YES;
				CLANG_WARN_COMMA = YES;
				CLANG_WARN_CONSTANT_CONVERSION = YES;
				CLANG_WARN_DEPRECATED_OBJC_IMPLEMENTATIONS = YES;
				CLANG_WARN_DIRECT_OBJC_ISA_USAGE = YES_ERROR;
				CLANG_WARN_DOCUMENTATION_COMMENTS = YES;
				CLANG_WARN_EMPTY_BODY = YES;
				CLANG_WARN_ENUM_CONVERSION = YES;
				CLANG_WARN_INFINITE_RECURSION = YES;
				CLANG_WARN_INT_CONVERSION = YES;
				CLANG_WARN_NON_LITERAL_NULL_CONVERSION = YES;
				CLANG_WARN_OBJC_IMPLICIT_RETAIN_SELF = YES;
				CLANG_WARN_OBJC_LITERAL_CONVERSION = YES;
				CLANG_WARN_OBJC_ROOT_CLASS = YES_ERROR;
				CLANG_WARN_QUOTED_INCLUDE_IN_FRAMEWORK_HEADER = YES;
				CLANG_WARN_RANGE_LOOP_ANALYSIS = YES;
				CLANG_WARN_STRICT_PROTOTYPES = YES;
				CLANG_WARN_SUSPICIOUS_MOVE = YES;
				CLANG_WARN_UNGUARDED_AVAILABILITY = YES_AGGRESSIVE;
				CLANG_WARN_UNREACHABLE_CODE = YES;
				CLANG_WARN__DUPLICATE_METHOD_MATCH = YES;
				COPY_PHASE_STRIP = NO;
				DEBUG_INFORMATION_FORMAT = "dwarf-with-dsym";
				ENABLE_NS_ASSERTIONS = NO;
				ENABLE_STRICT_OBJC_MSGSEND = YES;
				GCC_C_LANGUAGE_STANDARD = gnu11;
				GCC_NO_COMMON_BLOCKS = YES;
				GCC_WARN_64_TO_32_BIT_CONVERSION = YES;
				GCC_WARN_ABOUT_RETURN_TYPE = YES_ERROR;
				GCC_WARN_UNDECLARED_SELECTOR = YES;
				GCC_WARN_UNINITIALIZED_AUTOS = YES_AGGRESSIVE;
				GCC_WARN_UNUSED_FUNCTION = YES;
				GCC_WARN_UNUSED_VARIABLE = YES;
				IPHONEOS_DEPLOYMENT_TARGET = 16.2;
				MTL_ENABLE_DEBUG_INFO = NO;
				MTL_FAST_MATH = YES;
				SDKROOT = iphoneos;
				SWIFT_COMPILATION_MODE = wholemodule;
				SWIFT_OPTIMIZATION_LEVEL = "-O";
				VALIDATE_PRODUCT = YES;
			};
			name = Release;
		};
		C350E4DD29D06C02009A9339 /* Debug */ = {
			isa = XCBuildConfiguration;
			buildSettings = {
				ASSETCATALOG_COMPILER_APPICON_NAME = AppIcon;
				ASSETCATALOG_COMPILER_GLOBAL_ACCENT_COLOR_NAME = AccentColor;
				CODE_SIGN_STYLE = Automatic;
				CURRENT_PROJECT_VERSION = 1;
				DEVELOPMENT_TEAM = GH2QZAPBMB;
				GENERATE_INFOPLIST_FILE = YES;
				INFOPLIST_FILE = Pokemons/Info.plist;
				INFOPLIST_KEY_UIApplicationSupportsIndirectInputEvents = YES;
				INFOPLIST_KEY_UILaunchStoryboardName = LaunchScreen;
				INFOPLIST_KEY_UIMainStoryboardFile = Main;
				INFOPLIST_KEY_UISupportedInterfaceOrientations_iPad = "UIInterfaceOrientationPortrait UIInterfaceOrientationPortraitUpsideDown UIInterfaceOrientationLandscapeLeft UIInterfaceOrientationLandscapeRight";
				INFOPLIST_KEY_UISupportedInterfaceOrientations_iPhone = "UIInterfaceOrientationPortrait UIInterfaceOrientationLandscapeLeft UIInterfaceOrientationLandscapeRight";
				LD_RUNPATH_SEARCH_PATHS = (
					"$(inherited)",
					"@executable_path/Frameworks",
				);
				MARKETING_VERSION = 1.0;
				PRODUCT_BUNDLE_IDENTIFIER = com.ozlemcali.Pokemons;
				PRODUCT_NAME = "$(TARGET_NAME)";
				SWIFT_EMIT_LOC_STRINGS = YES;
				SWIFT_VERSION = 5.0;
				TARGETED_DEVICE_FAMILY = "1,2";
			};
			name = Debug;
		};
		C350E4DE29D06C02009A9339 /* Release */ = {
			isa = XCBuildConfiguration;
			buildSettings = {
				ASSETCATALOG_COMPILER_APPICON_NAME = AppIcon;
				ASSETCATALOG_COMPILER_GLOBAL_ACCENT_COLOR_NAME = AccentColor;
				CODE_SIGN_STYLE = Automatic;
				CURRENT_PROJECT_VERSION = 1;
				DEVELOPMENT_TEAM = GH2QZAPBMB;
				GENERATE_INFOPLIST_FILE = YES;
				INFOPLIST_FILE = Pokemons/Info.plist;
				INFOPLIST_KEY_UIApplicationSupportsIndirectInputEvents = YES;
				INFOPLIST_KEY_UILaunchStoryboardName = LaunchScreen;
				INFOPLIST_KEY_UIMainStoryboardFile = Main;
				INFOPLIST_KEY_UISupportedInterfaceOrientations_iPad = "UIInterfaceOrientationPortrait UIInterfaceOrientationPortraitUpsideDown UIInterfaceOrientationLandscapeLeft UIInterfaceOrientationLandscapeRight";
				INFOPLIST_KEY_UISupportedInterfaceOrientations_iPhone = "UIInterfaceOrientationPortrait UIInterfaceOrientationLandscapeLeft UIInterfaceOrientationLandscapeRight";
				LD_RUNPATH_SEARCH_PATHS = (
					"$(inherited)",
					"@executable_path/Frameworks",
				);
				MARKETING_VERSION = 1.0;
				PRODUCT_BUNDLE_IDENTIFIER = com.ozlemcali.Pokemons;
				PRODUCT_NAME = "$(TARGET_NAME)";
				SWIFT_EMIT_LOC_STRINGS = YES;
				SWIFT_VERSION = 5.0;
				TARGETED_DEVICE_FAMILY = "1,2";
			};
			name = Release;
		};
/* End XCBuildConfiguration section */

/* Begin XCConfigurationList section */
		C350E4C329D06C01009A9339 /* Build configuration list for PBXProject "Pokemons" */ = {
			isa = XCConfigurationList;
			buildConfigurations = (
				C350E4DA29D06C02009A9339 /* Debug */,
				C350E4DB29D06C02009A9339 /* Release */,
			);
			defaultConfigurationIsVisible = 0;
			defaultConfigurationName = Release;
		};
		C350E4DC29D06C02009A9339 /* Build configuration list for PBXNativeTarget "Pokemons" */ = {
			isa = XCConfigurationList;
			buildConfigurations = (
				C350E4DD29D06C02009A9339 /* Debug */,
				C350E4DE29D06C02009A9339 /* Release */,
			);
			defaultConfigurationIsVisible = 0;
			defaultConfigurationName = Release;
		};
/* End XCConfigurationList section */

/* Begin XCRemoteSwiftPackageReference section */
		C34FC0EC29FBC0A500894692 /* XCRemoteSwiftPackageReference "Alamofire" */ = {
			isa = XCRemoteSwiftPackageReference;
			repositoryURL = "https://github.com/Alamofire/Alamofire";
			requirement = {
				kind = upToNextMajorVersion;
				minimumVersion = 5.0.0;
			};
		};
		C34FC0EF29FBC0C400894692 /* XCRemoteSwiftPackageReference "AlamofireImage" */ = {
			isa = XCRemoteSwiftPackageReference;
			repositoryURL = "https://github.com/Alamofire/AlamofireImage";
			requirement = {
				kind = upToNextMajorVersion;
				minimumVersion = 4.0.0;
			};
		};
		C34FC0F229FBC0FC00894692 /* XCRemoteSwiftPackageReference "SnapKit" */ = {
			isa = XCRemoteSwiftPackageReference;
			repositoryURL = "https://github.com/SnapKit/SnapKit";
			requirement = {
				kind = upToNextMajorVersion;
				minimumVersion = 5.0.0;
			};
		};
/* End XCRemoteSwiftPackageReference section */

/* Begin XCSwiftPackageProductDependency section */
		C34FC0ED29FBC0A500894692 /* Alamofire */ = {
			isa = XCSwiftPackageProductDependency;
			package = C34FC0EC29FBC0A500894692 /* XCRemoteSwiftPackageReference "Alamofire" */;
			productName = Alamofire;
		};
		C34FC0F029FBC0C400894692 /* AlamofireImage */ = {
			isa = XCSwiftPackageProductDependency;
			package = C34FC0EF29FBC0C400894692 /* XCRemoteSwiftPackageReference "AlamofireImage" */;
			productName = AlamofireImage;
		};
		C34FC0F329FBC0FC00894692 /* SnapKit */ = {
			isa = XCSwiftPackageProductDependency;
			package = C34FC0F229FBC0FC00894692 /* XCRemoteSwiftPackageReference "SnapKit" */;
			productName = SnapKit;
		};
/* End XCSwiftPackageProductDependency section */
	};
	rootObject = C350E4C029D06C01009A9339 /* Project object */;
}
